
Microsoft Visual Studio Solution File, Format Version 12.00
# Visual Studio Version 16
VisualStudioVersion = 16.0.29509.3
MinimumVisualStudioVersion = 10.0.40219.1
Project("{FAE04EC0-301F-11D3-BF4B-00C04F79EFBC}") = "Site", "Site\Site.csproj", "{65769A8D-E99A-41BD-BCEA-CC653CE62397}"
EndProject
Global
	GlobalSection(SolutionConfigurationPlatforms) = preSolution
		Debug|Any CPU = Debug|Any CPU
		Release|Any CPU = Release|Any CPU
	EndGlobalSection
	GlobalSection(ProjectConfigurationPlatforms) = postSolution
		{65769A8D-E99A-41BD-BCEA-CC653CE62397}.Debug|Any CPU.ActiveCfg = Debug|Any CPU
		{65769A8D-E99A-41BD-BCEA-CC653CE62397}.Debug|Any CPU.Build.0 = Debug|Any CPU
		{65769A8D-E99A-41BD-BCEA-CC653CE62397}.Release|Any CPU.ActiveCfg = Release|Any CPU
		{65769A8D-E99A-41BD-BCEA-CC653CE62397}.Release|Any CPU.Build.0 = Release|Any CPU
	EndGlobalSection
	GlobalSection(SolutionProperties) = preSolution
		HideSolutionNode = FALSE
	EndGlobalSection
	GlobalSection(ExtensibilityGlobals) = postSolution
		SolutionGuid = {DA492221-7ADB-4064-9A3F-03343A590503}
	EndGlobalSection
EndGlobal
